// !$*UTF8*$!
{
	archiveVersion = 1;
	classes = {
	};
	objectVersion = 56;
	objects = {

/* Begin PBXBuildFile section */
		71312C5C2A1742F500864EB9 /* AudioPlayer.swift in Sources */ = {isa = PBXBuildFile; fileRef = 71312C5B2A1742F500864EB9 /* AudioPlayer.swift */; };
		71856B6329F99AC7009B29C0 /* CircleGroupView.swift in Sources */ = {isa = PBXBuildFile; fileRef = 71856B6229F99AC7009B29C0 /* CircleGroupView.swift */; };
		71C02F8A29F8E5C200014FDC /* Restart_AppApp.swift in Sources */ = {isa = PBXBuildFile; fileRef = 71C02F8929F8E5C200014FDC /* Restart_AppApp.swift */; };
		71C02F8C29F8E5C200014FDC /* ContentView.swift in Sources */ = {isa = PBXBuildFile; fileRef = 71C02F8B29F8E5C200014FDC /* ContentView.swift */; };
		71C02F8E29F8E5C400014FDC /* Assets.xcassets in Resources */ = {isa = PBXBuildFile; fileRef = 71C02F8D29F8E5C400014FDC /* Assets.xcassets */; };
		71C02F9129F8E5C400014FDC /* Preview Assets.xcassets in Resources */ = {isa = PBXBuildFile; fileRef = 71C02F9029F8E5C400014FDC /* Preview Assets.xcassets */; };
		71C02F9929F8E63F00014FDC /* success.m4a in Resources */ = {isa = PBXBuildFile; fileRef = 71C02F9729F8E63E00014FDC /* success.m4a */; };
		71C02F9A29F8E63F00014FDC /* chimeup.mp3 in Resources */ = {isa = PBXBuildFile; fileRef = 71C02F9829F8E63F00014FDC /* chimeup.mp3 */; };
		71C02FA229F8E85E00014FDC /* OnboardingView.swift in Sources */ = {isa = PBXBuildFile; fileRef = 71C02FA129F8E85E00014FDC /* OnboardingView.swift */; };
		71C02FA429F8E86B00014FDC /* HomeView.swift in Sources */ = {isa = PBXBuildFile; fileRef = 71C02FA329F8E86B00014FDC /* HomeView.swift */; };
/* End PBXBuildFile section */

/* Begin PBXFileReference section */
		71312C5B2A1742F500864EB9 /* AudioPlayer.swift */ = {isa = PBXFileReference; lastKnownFileType = sourcecode.swift; path = AudioPlayer.swift; sourceTree = "<group>"; };
		71856B6229F99AC7009B29C0 /* CircleGroupView.swift */ = {isa = PBXFileReference; lastKnownFileType = sourcecode.swift; path = CircleGroupView.swift; sourceTree = "<group>"; };
		71C02F8629F8E5C200014FDC /* Restart-App.app */ = {isa = PBXFileReference; explicitFileType = wrapper.application; includeInIndex = 0; path = "Restart-App.app"; sourceTree = BUILT_PRODUCTS_DIR; };
		71C02F8929F8E5C200014FDC /* Restart_AppApp.swift */ = {isa = PBXFileReference; lastKnownFileType = sourcecode.swift; path = Restart_AppApp.swift; sourceTree = "<group>"; };
		71C02F8B29F8E5C200014FDC /* ContentView.swift */ = {isa = PBXFileReference; lastKnownFileType = sourcecode.swift; path = ContentView.swift; sourceTree = "<group>"; };
		71C02F8D29F8E5C400014FDC /* Assets.xcassets */ = {isa = PBXFileReference; lastKnownFileType = folder.assetcatalog; path = Assets.xcassets; sourceTree = "<group>"; };
		71C02F9029F8E5C400014FDC /* Preview Assets.xcassets */ = {isa = PBXFileReference; lastKnownFileType = folder.assetcatalog; path = "Preview Assets.xcassets"; sourceTree = "<group>"; };
		71C02F9729F8E63E00014FDC /* success.m4a */ = {isa = PBXFileReference; lastKnownFileType = file; path = success.m4a; sourceTree = "<group>"; };
		71C02F9829F8E63F00014FDC /* chimeup.mp3 */ = {isa = PBXFileReference; lastKnownFileType = audio.mp3; path = chimeup.mp3; sourceTree = "<group>"; };
		71C02FA029F8E82200014FDC /* Info.plist */ = {isa = PBXFileReference; lastKnownFileType = text.plist; path = Info.plist; sourceTree = "<group>"; };
		71C02FA129F8E85E00014FDC /* OnboardingView.swift */ = {isa = PBXFileReference; lastKnownFileType = sourcecode.swift; path = OnboardingView.swift; sourceTree = "<group>"; };
		71C02FA329F8E86B00014FDC /* HomeView.swift */ = {isa = PBXFileReference; lastKnownFileType = sourcecode.swift; path = HomeView.swift; sourceTree = "<group>"; };
/* End PBXFileReference section */

/* Begin PBXFrameworksBuildPhase section */
		71C02F8329F8E5C200014FDC /* Frameworks */ = {
			isa = PBXFrameworksBuildPhase;
			buildActionMask = 2147483647;
			files = (
			);
			runOnlyForDeploymentPostprocessing = 0;
		};
/* End PBXFrameworksBuildPhase section */

/* Begin PBXGroup section */
		71C02F7D29F8E5C200014FDC = {
			isa = PBXGroup;
			children = (
				71C02F8829F8E5C200014FDC /* Restart-App */,
				71C02F8729F8E5C200014FDC /* Products */,
			);
			sourceTree = "<group>";
		};
		71C02F8729F8E5C200014FDC /* Products */ = {
			isa = PBXGroup;
			children = (
				71C02F8629F8E5C200014FDC /* Restart-App.app */,
			);
			name = Products;
			sourceTree = "<group>";
		};
		71C02F8829F8E5C200014FDC /* Restart-App */ = {
			isa = PBXGroup;
			children = (
				71C02FA029F8E82200014FDC /* Info.plist */,
				71C02F9F29F8E71A00014FDC /* Utils */,
				71C02F9E29F8E71200014FDC /* Views */,
				71C02F9C29F8E65700014FDC /* Sounds */,
				71C02F8929F8E5C200014FDC /* Restart_AppApp.swift */,
				71C02F9D29F8E70800014FDC /* Screens */,
				71C02F8D29F8E5C400014FDC /* Assets.xcassets */,
				71C02F8F29F8E5C400014FDC /* Preview Content */,
			);
			path = "Restart-App";
			sourceTree = "<group>";
		};
		71C02F8F29F8E5C400014FDC /* Preview Content */ = {
			isa = PBXGroup;
			children = (
				71C02F9029F8E5C400014FDC /* Preview Assets.xcassets */,
			);
			path = "Preview Content";
			sourceTree = "<group>";
		};
		71C02F9C29F8E65700014FDC /* Sounds */ = {
			isa = PBXGroup;
			children = (
				71C02F9829F8E63F00014FDC /* chimeup.mp3 */,
				71C02F9729F8E63E00014FDC /* success.m4a */,
			);
			path = Sounds;
			sourceTree = "<group>";
		};
		71C02F9D29F8E70800014FDC /* Screens */ = {
			isa = PBXGroup;
			children = (
				71C02F8B29F8E5C200014FDC /* ContentView.swift */,
				71C02FA129F8E85E00014FDC /* OnboardingView.swift */,
				71C02FA329F8E86B00014FDC /* HomeView.swift */,
			);
			path = Screens;
			sourceTree = "<group>";
		};
		71C02F9E29F8E71200014FDC /* Views */ = {
			isa = PBXGroup;
			children = (
				71856B6229F99AC7009B29C0 /* CircleGroupView.swift */,
			);
			path = Views;
			sourceTree = "<group>";
		};
		71C02F9F29F8E71A00014FDC /* Utils */ = {
			isa = PBXGroup;
			children = (
				71312C5B2A1742F500864EB9 /* AudioPlayer.swift */,
			);
			path = Utils;
			sourceTree = "<group>";
		};
/* End PBXGroup section */

/* Begin PBXNativeTarget section */
		71C02F8529F8E5C200014FDC /* Restart-App */ = {
			isa = PBXNativeTarget;
			buildConfigurationList = 71C02F9429F8E5C400014FDC /* Build configuration list for PBXNativeTarget "Restart-App" */;
			buildPhases = (
				71C02F8229F8E5C200014FDC /* Sources */,
				71C02F8329F8E5C200014FDC /* Frameworks */,
				71C02F8429F8E5C200014FDC /* Resources */,
			);
			buildRules = (
			);
			dependencies = (
			);
			name = "Restart-App";
			productName = "Restart-App";
			productReference = 71C02F8629F8E5C200014FDC /* Restart-App.app */;
			productType = "com.apple.product-type.application";
		};
/* End PBXNativeTarget section */

/* Begin PBXProject section */
		71C02F7E29F8E5C200014FDC /* Project object */ = {
			isa = PBXProject;
			attributes = {
				BuildIndependentTargetsInParallel = 1;
				LastSwiftUpdateCheck = 1430;
				LastUpgradeCheck = 1430;
				TargetAttributes = {
					71C02F8529F8E5C200014FDC = {
						CreatedOnToolsVersion = 14.3;
					};
				};
			};
			buildConfigurationList = 71C02F8129F8E5C200014FDC /* Build configuration list for PBXProject "Restart-App" */;
			compatibilityVersion = "Xcode 14.0";
			developmentRegion = en;
			hasScannedForEncodings = 0;
			knownRegions = (
				en,
				Base,
			);
			mainGroup = 71C02F7D29F8E5C200014FDC;
			productRefGroup = 71C02F8729F8E5C200014FDC /* Products */;
			projectDirPath = "";
			projectRoot = "";
			targets = (
				71C02F8529F8E5C200014FDC /* Restart-App */,
			);
		};
/* End PBXProject section */

/* Begin PBXResourcesBuildPhase section */
		71C02F8429F8E5C200014FDC /* Resources */ = {
			isa = PBXResourcesBuildPhase;
			buildActionMask = 2147483647;
			files = (
				71C02F9A29F8E63F00014FDC /* chimeup.mp3 in Resources */,
				71C02F9129F8E5C400014FDC /* Preview Assets.xcassets in Resources */,
				71C02F9929F8E63F00014FDC /* success.m4a in Resources */,
				71C02F8E29F8E5C400014FDC /* Assets.xcassets in Resources */,
			);
			runOnlyForDeploymentPostprocessing = 0;
		};
/* End PBXResourcesBuildPhase section */

/* Begin PBXSourcesBuildPhase section */
		71C02F8229F8E5C200014FDC /* Sources */ = {
			isa = PBXSourcesBuildPhase;
			buildActionMask = 2147483647;
			files = (
				71856B6329F99AC7009B29C0 /* CircleGroupView.swift in Sources */,
				71C02FA229F8E85E00014FDC /* OnboardingView.swift in Sources */,
				71C02FA429F8E86B00014FDC /* HomeView.swift in Sources */,
				71C02F8C29F8E5C200014FDC /* ContentView.swift in Sources */,
				71C02F8A29F8E5C200014FDC /* Restart_AppApp.swift in Sources */,
				71312C5C2A1742F500864EB9 /* AudioPlayer.swift in Sources */,
			);
			runOnlyForDeploymentPostprocessing = 0;
		};
/* End PBXSourcesBuildPhase section */

/* Begin XCBuildConfiguration section */
		71C02F9229F8E5C400014FDC /* Debug */ = {
			isa = XCBuildConfiguration;
			buildSettings = {
				ALWAYS_SEARCH_USER_PATHS = NO;
				CLANG_ANALYZER_NONNULL = YES;
				CLANG_ANALYZER_NUMBER_OBJECT_CONVERSION = YES_AGGRESSIVE;
				CLANG_CXX_LANGUAGE_STANDARD = "gnu++20";
				CLANG_ENABLE_MODULES = YES;
				CLANG_ENABLE_OBJC_ARC = YES;
				CLANG_ENABLE_OBJC_WEAK = YES;
				CLANG_WARN_BLOCK_CAPTURE_AUTORELEASING = YES;
				CLANG_WARN_BOOL_CONVERSION = YES;
				CLANG_WARN_COMMA = YES;
				CLANG_WARN_CONSTANT_CONVERSION = YES;
				CLANG_WARN_DEPRECATED_OBJC_IMPLEMENTATIONS = YES;
				CLANG_WARN_DIRECT_OBJC_ISA_USAGE = YES_ERROR;
				CLANG_WARN_DOCUMENTATION_COMMENTS = YES;
				CLANG_WARN_EMPTY_BODY = YES;
				CLANG_WARN_ENUM_CONVERSION = YES;
				CLANG_WARN_INFINITE_RECURSION = YES;
				CLANG_WARN_INT_CONVERSION = YES;
				CLANG_WARN_NON_LITERAL_NULL_CONVERSION = YES;
				CLANG_WARN_OBJC_IMPLICIT_RETAIN_SELF = YES;
				CLANG_WARN_OBJC_LITERAL_CONVERSION = YES;
				CLANG_WARN_OBJC_ROOT_CLASS = YES_ERROR;
				CLANG_WARN_QUOTED_INCLUDE_IN_FRAMEWORK_HEADER = YES;
				CLANG_WARN_RANGE_LOOP_ANALYSIS = YES;
				CLANG_WARN_STRICT_PROTOTYPES = YES;
				CLANG_WARN_SUSPICIOUS_MOVE = YES;
				CLANG_WARN_UNGUARDED_AVAILABILITY = YES_AGGRESSIVE;
				CLANG_WARN_UNREACHABLE_CODE = YES;
				CLANG_WARN__DUPLICATE_METHOD_MATCH = YES;
				COPY_PHASE_STRIP = NO;
				DEBUG_INFORMATION_FORMAT = dwarf;
				ENABLE_STRICT_OBJC_MSGSEND = YES;
				ENABLE_TESTABILITY = YES;
				GCC_C_LANGUAGE_STANDARD = gnu11;
				GCC_DYNAMIC_NO_PIC = NO;
				GCC_NO_COMMON_BLOCKS = YES;
				GCC_OPTIMIZATION_LEVEL = 0;
				GCC_PREPROCESSOR_DEFINITIONS = (
					"DEBUG=1",
					"$(inherited)",
				);
				GCC_WARN_64_TO_32_BIT_CONVERSION = YES;
				GCC_WARN_ABOUT_RETURN_TYPE = YES_ERROR;
				GCC_WARN_UNDECLARED_SELECTOR = YES;
				GCC_WARN_UNINITIALIZED_AUTOS = YES_AGGRESSIVE;
				GCC_WARN_UNUSED_FUNCTION = YES;
				GCC_WARN_UNUSED_VARIABLE = YES;
				IPHONEOS_DEPLOYMENT_TARGET = 16.4;
				MTL_ENABLE_DEBUG_INFO = INCLUDE_SOURCE;
				MTL_FAST_MATH = YES;
				ONLY_ACTIVE_ARCH = YES;
				SDKROOT = iphoneos;
				SWIFT_ACTIVE_COMPILATION_CONDITIONS = DEBUG;
				SWIFT_OPTIMIZATION_LEVEL = "-Onone";
			};
			name = Debug;
		};
		71C02F9329F8E5C400014FDC /* Release */ = {
			isa = XCBuildConfiguration;
			buildSettings = {
				ALWAYS_SEARCH_USER_PATHS = NO;
				CLANG_ANALYZER_NONNULL = YES;
				CLANG_ANALYZER_NUMBER_OBJECT_CONVERSION = YES_AGGRESSIVE;
				CLANG_CXX_LANGUAGE_STANDARD = "gnu++20";
				CLANG_ENABLE_MODULES = YES;
				CLANG_ENABLE_OBJC_ARC = YES;
				CLANG_ENABLE_OBJC_WEAK = YES;
				CLANG_WARN_BLOCK_CAPTURE_AUTORELEASING = YES;
				CLANG_WARN_BOOL_CONVERSION = YES;
				CLANG_WARN_COMMA = YES;
				CLANG_WARN_CONSTANT_CONVERSION = YES;
				CLANG_WARN_DEPRECATED_OBJC_IMPLEMENTATIONS = YES;
				CLANG_WARN_DIRECT_OBJC_ISA_USAGE = YES_ERROR;
				CLANG_WARN_DOCUMENTATION_COMMENTS = YES;
				CLANG_WARN_EMPTY_BODY = YES;
				CLANG_WARN_ENUM_CONVERSION = YES;
				CLANG_WARN_INFINITE_RECURSION = YES;
				CLANG_WARN_INT_CONVERSION = YES;
				CLANG_WARN_NON_LITERAL_NULL_CONVERSION = YES;
				CLANG_WARN_OBJC_IMPLICIT_RETAIN_SELF = YES;
				CLANG_WARN_OBJC_LITERAL_CONVERSION = YES;
				CLANG_WARN_OBJC_ROOT_CLASS = YES_ERROR;
				CLANG_WARN_QUOTED_INCLUDE_IN_FRAMEWORK_HEADER = YES;
				CLANG_WARN_RANGE_LOOP_ANALYSIS = YES;
				CLANG_WARN_STRICT_PROTOTYPES = YES;
				CLANG_WARN_SUSPICIOUS_MOVE = YES;
				CLANG_WARN_UNGUARDED_AVAILABILITY = YES_AGGRESSIVE;
				CLANG_WARN_UNREACHABLE_CODE = YES;
				CLANG_WARN__DUPLICATE_METHOD_MATCH = YES;
				COPY_PHASE_STRIP = NO;
				DEBUG_INFORMATION_FORMAT = "dwarf-with-dsym";
				ENABLE_NS_ASSERTIONS = NO;
				ENABLE_STRICT_OBJC_MSGSEND = YES;
				GCC_C_LANGUAGE_STANDARD = gnu11;
				GCC_NO_COMMON_BLOCKS = YES;
				GCC_WARN_64_TO_32_BIT_CONVERSION = YES;
				GCC_WARN_ABOUT_RETURN_TYPE = YES_ERROR;
				GCC_WARN_UNDECLARED_SELECTOR = YES;
				GCC_WARN_UNINITIALIZED_AUTOS = YES_AGGRESSIVE;
				GCC_WARN_UNUSED_FUNCTION = YES;
				GCC_WARN_UNUSED_VARIABLE = YES;
				IPHONEOS_DEPLOYMENT_TARGET = 16.4;
				MTL_ENABLE_DEBUG_INFO = NO;
				MTL_FAST_MATH = YES;
				SDKROOT = iphoneos;
				SWIFT_COMPILATION_MODE = wholemodule;
				SWIFT_OPTIMIZATION_LEVEL = "-O";
				VALIDATE_PRODUCT = YES;
			};
			name = Release;
		};
		71C02F9529F8E5C400014FDC /* Debug */ = {
			isa = XCBuildConfiguration;
			buildSettings = {
				ASSETCATALOG_COMPILER_APPICON_NAME = AppIcon;
				ASSETCATALOG_COMPILER_GLOBAL_ACCENT_COLOR_NAME = AccentColor;
				CODE_SIGN_STYLE = Automatic;
				CURRENT_PROJECT_VERSION = 1;
				DEVELOPMENT_ASSET_PATHS = "\"Restart-App/Preview Content\"";
				DEVELOPMENT_TEAM = CBACKRJ83S;
				ENABLE_PREVIEWS = YES;
				GENERATE_INFOPLIST_FILE = YES;
				INFOPLIST_FILE = "Restart-App/Info.plist";
				INFOPLIST_KEY_UIApplicationSceneManifest_Generation = YES;
				INFOPLIST_KEY_UIApplicationSupportsIndirectInputEvents = YES;
				INFOPLIST_KEY_UISupportedInterfaceOrientations = UIInterfaceOrientationPortrait;
				IPHONEOS_DEPLOYMENT_TARGET = 15.0;
				LD_RUNPATH_SEARCH_PATHS = (
					"$(inherited)",
					"@executable_path/Frameworks",
				);
				MARKETING_VERSION = 1.0;
				PRODUCT_BUNDLE_IDENTIFIER = "com.kul.boonanake.Restart-App";
				PRODUCT_NAME = "$(TARGET_NAME)";
				SWIFT_EMIT_LOC_STRINGS = YES;
				SWIFT_VERSION = 5.0;
				TARGETED_DEVICE_FAMILY = "1,2";
			};
			name = Debug;
		};
		71C02F9629F8E5C400014FDC /* Release */ = {
			isa = XCBuildConfiguration;
			buildSettings = {
				ASSETCATALOG_COMPILER_APPICON_NAME = AppIcon;
				ASSETCATALOG_COMPILER_GLOBAL_ACCENT_COLOR_NAME = AccentColor;
				CODE_SIGN_STYLE = Automatic;
				CURRENT_PROJECT_VERSION = 1;
				DEVELOPMENT_ASSET_PATHS = "\"Restart-App/Preview Content\"";
				DEVELOPMENT_TEAM = CBACKRJ83S;
				ENABLE_PREVIEWS = YES;
				GENERATE_INFOPLIST_FILE = YES;
				INFOPLIST_FILE = "Restart-App/Info.plist";
				INFOPLIST_KEY_UIApplicationSceneManifest_Generation = YES;
				INFOPLIST_KEY_UIApplicationSupportsIndirectInputEvents = YES;
				INFOPLIST_KEY_UISupportedInterfaceOrientations = UIInterfaceOrientationPortrait;
				IPHONEOS_DEPLOYMENT_TARGET = 15.0;
				LD_RUNPATH_SEARCH_PATHS = (
					"$(inherited)",
					"@executable_path/Frameworks",
				);
				MARKETING_VERSION = 1.0;
				PRODUCT_BUNDLE_IDENTIFIER = "com.kul.boonanake.Restart-App";
				PRODUCT_NAME = "$(TARGET_NAME)";
				SWIFT_EMIT_LOC_STRINGS = YES;
				SWIFT_VERSION = 5.0;
				TARGETED_DEVICE_FAMILY = "1,2";
			};
			name = Release;
		};
/* End XCBuildConfiguration section */

/* Begin XCConfigurationList section */
		71C02F8129F8E5C200014FDC /* Build configuration list for PBXProject "Restart-App" */ = {
			isa = XCConfigurationList;
			buildConfigurations = (
				71C02F9229F8E5C400014FDC /* Debug */,
				71C02F9329F8E5C400014FDC /* Release */,
			);
			defaultConfigurationIsVisible = 0;
			defaultConfigurationName = Release;
		};
		71C02F9429F8E5C400014FDC /* Build configuration list for PBXNativeTarget "Restart-App" */ = {
			isa = XCConfigurationList;
			buildConfigurations = (
				71C02F9529F8E5C400014FDC /* Debug */,
				71C02F9629F8E5C400014FDC /* Release */,
			);
			defaultConfigurationIsVisible = 0;
			defaultConfigurationName = Release;
		};
/* End XCConfigurationList section */
	};
	rootObject = 71C02F7E29F8E5C200014FDC /* Project object */;
}
